
Microsoft Visual Studio Solution File, Format Version 12.00
# Visual Studio Version 17
VisualStudioVersion = 17.7.34018.315
MinimumVisualStudioVersion = 10.0.40219.1
Project("{FAE04EC0-301F-11D3-BF4B-00C04F79EFBC}") = "GrpcService", "GrpcService\GrpcService.csproj", "{7A277D9E-5234-4CC8-990B-F1E807353E3D}"
EndProject
Global
	GlobalSection(SolutionConfigurationPlatforms) = preSolution
		Debug|Any CPU = Debug|Any CPU
		Release|Any CPU = Release|Any CPU
	EndGlobalSection
	GlobalSection(ProjectConfigurationPlatforms) = postSolution
		{7A277D9E-5234-4CC8-990B-F1E807353E3D}.Debug|Any CPU.ActiveCfg = Debug|Any CPU
		{7A277D9E-5234-4CC8-990B-F1E807353E3D}.Debug|Any CPU.Build.0 = Debug|Any CPU
		{7A277D9E-5234-4CC8-990B-F1E807353E3D}.Release|Any CPU.ActiveCfg = Release|Any CPU
		{7A277D9E-5234-4CC8-990B-F1E807353E3D}.Release|Any CPU.Build.0 = Release|Any CPU
	EndGlobalSection
	GlobalSection(SolutionProperties) = preSolution
		HideSolutionNode = FALSE
	EndGlobalSection
	GlobalSection(ExtensibilityGlobals) = postSolution
		SolutionGuid = {C6943CDD-9D1D-40DB-B9D0-29DF6E962337}
	EndGlobalSection
EndGlobal
